{
  "pins" : [
    {
      "identity" : "lexicon-gen",
      "kind" : "remoteSourceControl",
      "location" : "https://github.com/luciascarlet/lexicon-gen.git",
      "state" : {
        "branch" : "main",
        "revision" : "23c29e3a4f5e5356d85d0f176850db1dac1da4f1"
      }
    },
    {
      "identity" : "swift-argument-parser",
      "kind" : "remoteSourceControl",
      "location" : "https://github.com/apple/swift-argument-parser",
      "state" : {
        "revision" : "0fbc8848e389af3bb55c182bc19ca9d5dc2f255b",
        "version" : "1.4.0"
      }
    },
    {
      "identity" : "swift-syntax",
      "kind" : "remoteSourceControl",
      "location" : "https://github.com/apple/swift-syntax.git",
      "state" : {
        "branch" : "509.0.0",
        "revision" : "74203046135342e4a4a627476dd6caf8b28fe11b"
      }
    }
  ],
  "version" : 2
}
